
Microsoft Visual Studio Solution File, Format Version 12.00
# Visual Studio Version 17
VisualStudioVersion = 17.10.35122.118
MinimumVisualStudioVersion = 10.0.40219.1
Project("{FAE04EC0-301F-11D3-BF4B-00C04F79EFBC}") = "LinQ", "LinQ\LinQ.csproj", "{8EB4624A-3A0C-4FD7-B608-5D46B3E86AA1}"
EndProject
Global
	GlobalSection(SolutionConfigurationPlatforms) = preSolution
		Debug|Any CPU = Debug|Any CPU
		Release|Any CPU = Release|Any CPU
	EndGlobalSection
	GlobalSection(ProjectConfigurationPlatforms) = postSolution
		{8EB4624A-3A0C-4FD7-B608-5D46B3E86AA1}.Debug|Any CPU.ActiveCfg = Debug|Any CPU
		{8EB4624A-3A0C-4FD7-B608-5D46B3E86AA1}.Debug|Any CPU.Build.0 = Debug|Any CPU
		{8EB4624A-3A0C-4FD7-B608-5D46B3E86AA1}.Release|Any CPU.ActiveCfg = Release|Any CPU
		{8EB4624A-3A0C-4FD7-B608-5D46B3E86AA1}.Release|Any CPU.Build.0 = Release|Any CPU
	EndGlobalSection
	GlobalSection(SolutionProperties) = preSolution
		HideSolutionNode = FALSE
	EndGlobalSection
	GlobalSection(ExtensibilityGlobals) = postSolution
		SolutionGuid = {20FB56EA-7F0A-40BB-99F3-F7186D689086}
	EndGlobalSection
EndGlobal
